
Microsoft Visual Studio Solution File, Format Version 12.00
# Visual Studio Version 16
VisualStudioVersion = 16.0.29519.181
MinimumVisualStudioVersion = 10.0.40219.1
Project("{9A19103F-16F7-4668-BE54-9A1E7A4F7556}") = "Longest-Collatz-Sequence", "Longest-Collatz-Sequence.csproj", "{D38B3CCA-C2D9-4B63-ABA6-910250CA8974}"
EndProject
Global
	GlobalSection(SolutionConfigurationPlatforms) = preSolution
		Debug|Any CPU = Debug|Any CPU
		Release|Any CPU = Release|Any CPU
	EndGlobalSection
	GlobalSection(ProjectConfigurationPlatforms) = postSolution
		{D38B3CCA-C2D9-4B63-ABA6-910250CA8974}.Debug|Any CPU.ActiveCfg = Debug|Any CPU
		{D38B3CCA-C2D9-4B63-ABA6-910250CA8974}.Debug|Any CPU.Build.0 = Debug|Any CPU
		{D38B3CCA-C2D9-4B63-ABA6-910250CA8974}.Release|Any CPU.ActiveCfg = Release|Any CPU
		{D38B3CCA-C2D9-4B63-ABA6-910250CA8974}.Release|Any CPU.Build.0 = Release|Any CPU
	EndGlobalSection
	GlobalSection(SolutionProperties) = preSolution
		HideSolutionNode = FALSE
	EndGlobalSection
	GlobalSection(ExtensibilityGlobals) = postSolution
		SolutionGuid = {5F131ACF-38C1-4548-9F33-B170DEADBCBF}
	EndGlobalSection
EndGlobal
